<?xml version="1.0" encoding="utf-8"?>
<Project ToolsVersion="4.0" xmlns="http://schemas.microsoft.com/developer/msbuild/2003">
  <ItemGroup>
    <Filter Include="Contents">
      <UniqueIdentifier>{6421fe40-f2cb-4b16-a925-9de61eeb711d}</UniqueIdentifier>
    </Filter>
  </ItemGroup>
  <ItemGroup>
    <ClCompile Include="SnakeGame.cpp" />
    <ClCompile Include="Head.cpp">
      <Filter>Contents</Filter>
    </ClCompile>
    <ClCompile Include="Part.cpp">
      <Filter>Contents</Filter>
    </ClCompile>
    <ClCompile Include="Body.cpp">
      <Filter>Contents</Filter>
    </ClCompile>
  </ItemGroup>
  <ItemGroup>
    <ClInclude Include="Head.h">
      <Filter>Contents</Filter>
    </ClInclude>
    <ClInclude Include="Part.h">
      <Filter>Contents</Filter>
    </ClInclude>
    <ClInclude Include="Body.h">
      <Filter>Contents</Filter>
    </ClInclude>
  </ItemGroup>
</Project>